// !$*UTF8*$!
{
	archiveVersion = 1;
	classes = {
	};
	objectVersion = 77;
	objects = {

/* Begin PBXBuildFile section */
		1AA7986F2E2B2B6C00637994 /* ReceiptParser in Frameworks */ = {isa = PBXBuildFile; productRef = 1AA7986E2E2B2B6C00637994 /* ReceiptParser */; };
		1AA798712E2B2B6C00637994 /* RevenueCat in Frameworks */ = {isa = PBXBuildFile; productRef = 1AA798702E2B2B6C00637994 /* RevenueCat */; };
		1AA798732E2B2B6C00637994 /* RevenueCatUI in Frameworks */ = {isa = PBXBuildFile; productRef = 1AA798722E2B2B6C00637994 /* RevenueCatUI */; };
		1AA798752E2B2B6C00637994 /* RevenueCat_CustomEntitlementComputation in Frameworks */ = {isa = PBXBuildFile; productRef = 1AA798742E2B2B6C00637994 /* RevenueCat_CustomEntitlementComputation */; };
/* End PBXBuildFile section */

/* Begin PBXContainerItemProxy section */
		1AA798382E2B296F00637994 /* PBXContainerItemProxy */ = {
			isa = PBXContainerItemProxy;
			containerPortal = 1AA798222E2B296D00637994 /* Project object */;
			proxyType = 1;
			remoteGlobalIDString = 1AA798292E2B296D00637994;
			remoteInfo = "letusgo-hackathon-zeta";
		};
		1AA798422E2B296F00637994 /* PBXContainerItemProxy */ = {
			isa = PBXContainerItemProxy;
			containerPortal = 1AA798222E2B296D00637994 /* Project object */;
			proxyType = 1;
			remoteGlobalIDString = 1AA798292E2B296D00637994;
			remoteInfo = "letusgo-hackathon-zeta";
		};
/* End PBXContainerItemProxy section */

/* Begin PBXFileReference section */
		1AA7982A2E2B296D00637994 /* letusgo-hackathon-zeta.app */ = {isa = PBXFileReference; explicitFileType = wrapper.application; includeInIndex = 0; path = "letusgo-hackathon-zeta.app"; sourceTree = BUILT_PRODUCTS_DIR; };
		1AA798372E2B296F00637994 /* letusgo-hackathon-zetaTests.xctest */ = {isa = PBXFileReference; explicitFileType = wrapper.cfbundle; includeInIndex = 0; path = "letusgo-hackathon-zetaTests.xctest"; sourceTree = BUILT_PRODUCTS_DIR; };
		1AA798412E2B296F00637994 /* letusgo-hackathon-zetaUITests.xctest */ = {isa = PBXFileReference; explicitFileType = wrapper.cfbundle; includeInIndex = 0; path = "letusgo-hackathon-zetaUITests.xctest"; sourceTree = BUILT_PRODUCTS_DIR; };
/* End PBXFileReference section */

/* Begin PBXFileSystemSynchronizedRootGroup section */
		1AA7982C2E2B296D00637994 /* letusgo-hackathon-zeta */ = {
			isa = PBXFileSystemSynchronizedRootGroup;
			path = "letusgo-hackathon-zeta";
			sourceTree = "<group>";
		};
		1AA7983A2E2B296F00637994 /* letusgo-hackathon-zetaTests */ = {
			isa = PBXFileSystemSynchronizedRootGroup;
			path = "letusgo-hackathon-zetaTests";
			sourceTree = "<group>";
		};
		1AA798442E2B296F00637994 /* letusgo-hackathon-zetaUITests */ = {
			isa = PBXFileSystemSynchronizedRootGroup;
			path = "letusgo-hackathon-zetaUITests";
			sourceTree = "<group>";
		};
/* End PBXFileSystemSynchronizedRootGroup section */

/* Begin PBXFrameworksBuildPhase section */
		1AA798272E2B296D00637994 /* Frameworks */ = {
			isa = PBXFrameworksBuildPhase;
			buildActionMask = 2147483647;
			files = (
				1AA798712E2B2B6C00637994 /* RevenueCat in Frameworks */,
				1AA7986F2E2B2B6C00637994 /* ReceiptParser in Frameworks */,
				1AA798732E2B2B6C00637994 /* RevenueCatUI in Frameworks */,
				1AA798752E2B2B6C00637994 /* RevenueCat_CustomEntitlementComputation in Frameworks */,
			);
			runOnlyForDeploymentPostprocessing = 0;
		};
		1AA798342E2B296F00637994 /* Frameworks */ = {
			isa = PBXFrameworksBuildPhase;
			buildActionMask = 2147483647;
			files = (
			);
			runOnlyForDeploymentPostprocessing = 0;
		};
		1AA7983E2E2B296F00637994 /* Frameworks */ = {
			isa = PBXFrameworksBuildPhase;
			buildActionMask = 2147483647;
			files = (
			);
			runOnlyForDeploymentPostprocessing = 0;
		};
/* End PBXFrameworksBuildPhase section */

/* Begin PBXGroup section */
		1AA798212E2B296D00637994 = {
			isa = PBXGroup;
			children = (
				1AA7982C2E2B296D00637994 /* letusgo-hackathon-zeta */,
				1AA7983A2E2B296F00637994 /* letusgo-hackathon-zetaTests */,
				1AA798442E2B296F00637994 /* letusgo-hackathon-zetaUITests */,
				1AA7982B2E2B296D00637994 /* Products */,
			);
			sourceTree = "<group>";
		};
		1AA7982B2E2B296D00637994 /* Products */ = {
			isa = PBXGroup;
			children = (
				1AA7982A2E2B296D00637994 /* letusgo-hackathon-zeta.app */,
				1AA798372E2B296F00637994 /* letusgo-hackathon-zetaTests.xctest */,
				1AA798412E2B296F00637994 /* letusgo-hackathon-zetaUITests.xctest */,
			);
			name = Products;
			sourceTree = "<group>";
		};
/* End PBXGroup section */

/* Begin PBXNativeTarget section */
		1AA798292E2B296D00637994 /* letusgo-hackathon-zeta */ = {
			isa = PBXNativeTarget;
			buildConfigurationList = 1AA7984B2E2B296F00637994 /* Build configuration list for PBXNativeTarget "letusgo-hackathon-zeta" */;
			buildPhases = (
				1AA798262E2B296D00637994 /* Sources */,
				1AA798272E2B296D00637994 /* Frameworks */,
				1AA798282E2B296D00637994 /* Resources */,
			);
			buildRules = (
			);
			dependencies = (
			);
			fileSystemSynchronizedGroups = (
				1AA7982C2E2B296D00637994 /* letusgo-hackathon-zeta */,
			);
			name = "letusgo-hackathon-zeta";
			packageProductDependencies = (
				1AA7986E2E2B2B6C00637994 /* ReceiptParser */,
				1AA798702E2B2B6C00637994 /* RevenueCat */,
				1AA798722E2B2B6C00637994 /* RevenueCatUI */,
				1AA798742E2B2B6C00637994 /* RevenueCat_CustomEntitlementComputation */,
			);
			productName = "letusgo-hackathon-zeta";
			productReference = 1AA7982A2E2B296D00637994 /* letusgo-hackathon-zeta.app */;
			productType = "com.apple.product-type.application";
		};
		1AA798362E2B296F00637994 /* letusgo-hackathon-zetaTests */ = {
			isa = PBXNativeTarget;
			buildConfigurationList = 1AA7984E2E2B296F00637994 /* Build configuration list for PBXNativeTarget "letusgo-hackathon-zetaTests" */;
			buildPhases = (
				1AA798332E2B296F00637994 /* Sources */,
				1AA798342E2B296F00637994 /* Frameworks */,
				1AA798352E2B296F00637994 /* Resources */,
			);
			buildRules = (
			);
			dependencies = (
				1AA798392E2B296F00637994 /* PBXTargetDependency */,
			);
			fileSystemSynchronizedGroups = (
				1AA7983A2E2B296F00637994 /* letusgo-hackathon-zetaTests */,
			);
			name = "letusgo-hackathon-zetaTests";
			packageProductDependencies = (
			);
			productName = "letusgo-hackathon-zetaTests";
			productReference = 1AA798372E2B296F00637994 /* letusgo-hackathon-zetaTests.xctest */;
			productType = "com.apple.product-type.bundle.unit-test";
		};
		1AA798402E2B296F00637994 /* letusgo-hackathon-zetaUITests */ = {
			isa = PBXNativeTarget;
			buildConfigurationList = 1AA798512E2B296F00637994 /* Build configuration list for PBXNativeTarget "letusgo-hackathon-zetaUITests" */;
			buildPhases = (
				1AA7983D2E2B296F00637994 /* Sources */,
				1AA7983E2E2B296F00637994 /* Frameworks */,
				1AA7983F2E2B296F00637994 /* Resources */,
			);
			buildRules = (
			);
			dependencies = (
				1AA798432E2B296F00637994 /* PBXTargetDependency */,
			);
			fileSystemSynchronizedGroups = (
				1AA798442E2B296F00637994 /* letusgo-hackathon-zetaUITests */,
			);
			name = "letusgo-hackathon-zetaUITests";
			packageProductDependencies = (
			);
			productName = "letusgo-hackathon-zetaUITests";
			productReference = 1AA798412E2B296F00637994 /* letusgo-hackathon-zetaUITests.xctest */;
			productType = "com.apple.product-type.bundle.ui-testing";
		};
/* End PBXNativeTarget section */

/* Begin PBXProject section */
		1AA798222E2B296D00637994 /* Project object */ = {
			isa = PBXProject;
			attributes = {
				BuildIndependentTargetsInParallel = 1;
				LastSwiftUpdateCheck = 2600;
				LastUpgradeCheck = 2600;
				TargetAttributes = {
					1AA798292E2B296D00637994 = {
						CreatedOnToolsVersion = 26.0;
					};
					1AA798362E2B296F00637994 = {
						CreatedOnToolsVersion = 26.0;
						TestTargetID = 1AA798292E2B296D00637994;
					};
					1AA798402E2B296F00637994 = {
						CreatedOnToolsVersion = 26.0;
						TestTargetID = 1AA798292E2B296D00637994;
					};
				};
			};
			buildConfigurationList = 1AA798252E2B296D00637994 /* Build configuration list for PBXProject "letusgo-hackathon-zeta" */;
			developmentRegion = en;
			hasScannedForEncodings = 0;
			knownRegions = (
				en,
				Base,
			);
			mainGroup = 1AA798212E2B296D00637994;
			minimizedProjectReferenceProxies = 1;
			packageReferences = (
				1AA7986D2E2B2B6C00637994 /* XCRemoteSwiftPackageReference "purchases-ios" */,
			);
			preferredProjectObjectVersion = 77;
			productRefGroup = 1AA7982B2E2B296D00637994 /* Products */;
			projectDirPath = "";
			projectRoot = "";
			targets = (
				1AA798292E2B296D00637994 /* letusgo-hackathon-zeta */,
				1AA798362E2B296F00637994 /* letusgo-hackathon-zetaTests */,
				1AA798402E2B296F00637994 /* letusgo-hackathon-zetaUITests */,
			);
		};
/* End PBXProject section */

/* Begin PBXResourcesBuildPhase section */
		1AA798282E2B296D00637994 /* Resources */ = {
			isa = PBXResourcesBuildPhase;
			buildActionMask = 2147483647;
			files = (
			);
			runOnlyForDeploymentPostprocessing = 0;
		};
		1AA798352E2B296F00637994 /* Resources */ = {
			isa = PBXResourcesBuildPhase;
			buildActionMask = 2147483647;
			files = (
			);
			runOnlyForDeploymentPostprocessing = 0;
		};
		1AA7983F2E2B296F00637994 /* Resources */ = {
			isa = PBXResourcesBuildPhase;
			buildActionMask = 2147483647;
			files = (
			);
			runOnlyForDeploymentPostprocessing = 0;
		};
/* End PBXResourcesBuildPhase section */

/* Begin PBXSourcesBuildPhase section */
		1AA798262E2B296D00637994 /* Sources */ = {
			isa = PBXSourcesBuildPhase;
			buildActionMask = 2147483647;
			files = (
			);
			runOnlyForDeploymentPostprocessing = 0;
		};
		1AA798332E2B296F00637994 /* Sources */ = {
			isa = PBXSourcesBuildPhase;
			buildActionMask = 2147483647;
			files = (
			);
			runOnlyForDeploymentPostprocessing = 0;
		};
		1AA7983D2E2B296F00637994 /* Sources */ = {
			isa = PBXSourcesBuildPhase;
			buildActionMask = 2147483647;
			files = (
			);
			runOnlyForDeploymentPostprocessing = 0;
		};
/* End PBXSourcesBuildPhase section */

/* Begin PBXTargetDependency section */
		1AA798392E2B296F00637994 /* PBXTargetDependency */ = {
			isa = PBXTargetDependency;
			target = 1AA798292E2B296D00637994 /* letusgo-hackathon-zeta */;
			targetProxy = 1AA798382E2B296F00637994 /* PBXContainerItemProxy */;
		};
		1AA798432E2B296F00637994 /* PBXTargetDependency */ = {
			isa = PBXTargetDependency;
			target = 1AA798292E2B296D00637994 /* letusgo-hackathon-zeta */;
			targetProxy = 1AA798422E2B296F00637994 /* PBXContainerItemProxy */;
		};
/* End PBXTargetDependency section */

/* Begin XCBuildConfiguration section */
		1AA798492E2B296F00637994 /* Debug */ = {
			isa = XCBuildConfiguration;
			buildSettings = {
				ALWAYS_SEARCH_USER_PATHS = NO;
				ASSETCATALOG_COMPILER_GENERATE_SWIFT_ASSET_SYMBOL_EXTENSIONS = YES;
				CLANG_ANALYZER_NONNULL = YES;
				CLANG_ANALYZER_NUMBER_OBJECT_CONVERSION = YES_AGGRESSIVE;
				CLANG_CXX_LANGUAGE_STANDARD = "gnu++20";
				CLANG_ENABLE_MODULES = YES;
				CLANG_ENABLE_OBJC_ARC = YES;
				CLANG_ENABLE_OBJC_WEAK = YES;
				CLANG_WARN_BLOCK_CAPTURE_AUTORELEASING = YES;
				CLANG_WARN_BOOL_CONVERSION = YES;
				CLANG_WARN_COMMA = YES;
				CLANG_WARN_CONSTANT_CONVERSION = YES;
				CLANG_WARN_DEPRECATED_OBJC_IMPLEMENTATIONS = YES;
				CLANG_WARN_DIRECT_OBJC_ISA_USAGE = YES_ERROR;
				CLANG_WARN_DOCUMENTATION_COMMENTS = YES;
				CLANG_WARN_EMPTY_BODY = YES;
				CLANG_WARN_ENUM_CONVERSION = YES;
				CLANG_WARN_INFINITE_RECURSION = YES;
				CLANG_WARN_INT_CONVERSION = YES;
				CLANG_WARN_NON_LITERAL_NULL_CONVERSION = YES;
				CLANG_WARN_OBJC_IMPLICIT_RETAIN_SELF = YES;
				CLANG_WARN_OBJC_LITERAL_CONVERSION = YES;
				CLANG_WARN_OBJC_ROOT_CLASS = YES_ERROR;
				CLANG_WARN_QUOTED_INCLUDE_IN_FRAMEWORK_HEADER = YES;
				CLANG_WARN_RANGE_LOOP_ANALYSIS = YES;
				CLANG_WARN_STRICT_PROTOTYPES = YES;
				CLANG_WARN_SUSPICIOUS_MOVE = YES;
				CLANG_WARN_UNGUARDED_AVAILABILITY = YES_AGGRESSIVE;
				CLANG_WARN_UNREACHABLE_CODE = YES;
				CLANG_WARN__DUPLICATE_METHOD_MATCH = YES;
				COPY_PHASE_STRIP = NO;
				DEBUG_INFORMATION_FORMAT = dwarf;
				ENABLE_STRICT_OBJC_MSGSEND = YES;
				ENABLE_TESTABILITY = YES;
				ENABLE_USER_SCRIPT_SANDBOXING = YES;
				GCC_C_LANGUAGE_STANDARD = gnu17;
				GCC_DYNAMIC_NO_PIC = NO;
				GCC_NO_COMMON_BLOCKS = YES;
				GCC_OPTIMIZATION_LEVEL = 0;
				GCC_PREPROCESSOR_DEFINITIONS = (
					"DEBUG=1",
					"$(inherited)",
				);
				GCC_WARN_64_TO_32_BIT_CONVERSION = YES;
				GCC_WARN_ABOUT_RETURN_TYPE = YES_ERROR;
				GCC_WARN_UNDECLARED_SELECTOR = YES;
				GCC_WARN_UNINITIALIZED_AUTOS = YES_AGGRESSIVE;
				GCC_WARN_UNUSED_FUNCTION = YES;
				GCC_WARN_UNUSED_VARIABLE = YES;
				IPHONEOS_DEPLOYMENT_TARGET = 26.0;
				LOCALIZATION_PREFERS_STRING_CATALOGS = YES;
				MTL_ENABLE_DEBUG_INFO = INCLUDE_SOURCE;
				MTL_FAST_MATH = YES;
				ONLY_ACTIVE_ARCH = YES;
				SDKROOT = iphoneos;
				SWIFT_ACTIVE_COMPILATION_CONDITIONS = "DEBUG $(inherited)";
				SWIFT_OPTIMIZATION_LEVEL = "-Onone";
			};
			name = Debug;
		};
		1AA7984A2E2B296F00637994 /* Release */ = {
			isa = XCBuildConfiguration;
			buildSettings = {
				ALWAYS_SEARCH_USER_PATHS = NO;
				ASSETCATALOG_COMPILER_GENERATE_SWIFT_ASSET_SYMBOL_EXTENSIONS = YES;
				CLANG_ANALYZER_NONNULL = YES;
				CLANG_ANALYZER_NUMBER_OBJECT_CONVERSION = YES_AGGRESSIVE;
				CLANG_CXX_LANGUAGE_STANDARD = "gnu++20";
				CLANG_ENABLE_MODULES = YES;
				CLANG_ENABLE_OBJC_ARC = YES;
				CLANG_ENABLE_OBJC_WEAK = YES;
				CLANG_WARN_BLOCK_CAPTURE_AUTORELEASING = YES;
				CLANG_WARN_BOOL_CONVERSION = YES;
				CLANG_WARN_COMMA = YES;
				CLANG_WARN_CONSTANT_CONVERSION = YES;
				CLANG_WARN_DEPRECATED_OBJC_IMPLEMENTATIONS = YES;
				CLANG_WARN_DIRECT_OBJC_ISA_USAGE = YES_ERROR;
				CLANG_WARN_DOCUMENTATION_COMMENTS = YES;
				CLANG_WARN_EMPTY_BODY = YES;
				CLANG_WARN_ENUM_CONVERSION = YES;
				CLANG_WARN_INFINITE_RECURSION = YES;
				CLANG_WARN_INT_CONVERSION = YES;
				CLANG_WARN_NON_LITERAL_NULL_CONVERSION = YES;
				CLANG_WARN_OBJC_IMPLICIT_RETAIN_SELF = YES;
				CLANG_WARN_OBJC_LITERAL_CONVERSION = YES;
				CLANG_WARN_OBJC_ROOT_CLASS = YES_ERROR;
				CLANG_WARN_QUOTED_INCLUDE_IN_FRAMEWORK_HEADER = YES;
				CLANG_WARN_RANGE_LOOP_ANALYSIS = YES;
				CLANG_WARN_STRICT_PROTOTYPES = YES;
				CLANG_WARN_SUSPICIOUS_MOVE = YES;
				CLANG_WARN_UNGUARDED_AVAILABILITY = YES_AGGRESSIVE;
				CLANG_WARN_UNREACHABLE_CODE = YES;
				CLANG_WARN__DUPLICATE_METHOD_MATCH = YES;
				COPY_PHASE_STRIP = NO;
				DEBUG_INFORMATION_FORMAT = "dwarf-with-dsym";
				ENABLE_NS_ASSERTIONS = NO;
				ENABLE_STRICT_OBJC_MSGSEND = YES;
				ENABLE_USER_SCRIPT_SANDBOXING = YES;
				GCC_C_LANGUAGE_STANDARD = gnu17;
				GCC_NO_COMMON_BLOCKS = YES;
				GCC_WARN_64_TO_32_BIT_CONVERSION = YES;
				GCC_WARN_ABOUT_RETURN_TYPE = YES_ERROR;
				GCC_WARN_UNDECLARED_SELECTOR = YES;
				GCC_WARN_UNINITIALIZED_AUTOS = YES_AGGRESSIVE;
				GCC_WARN_UNUSED_FUNCTION = YES;
				GCC_WARN_UNUSED_VARIABLE = YES;
				IPHONEOS_DEPLOYMENT_TARGET = 26.0;
				LOCALIZATION_PREFERS_STRING_CATALOGS = YES;
				MTL_ENABLE_DEBUG_INFO = NO;
				MTL_FAST_MATH = YES;
				SDKROOT = iphoneos;
				SWIFT_COMPILATION_MODE = wholemodule;
				VALIDATE_PRODUCT = YES;
			};
			name = Release;
		};
		1AA7984C2E2B296F00637994 /* Debug */ = {
			isa = XCBuildConfiguration;
			buildSettings = {
				ASSETCATALOG_COMPILER_APPICON_NAME = AppIcon;
				ASSETCATALOG_COMPILER_GLOBAL_ACCENT_COLOR_NAME = AccentColor;
				CODE_SIGN_STYLE = Automatic;
				CURRENT_PROJECT_VERSION = 1;
				ENABLE_PREVIEWS = YES;
				GENERATE_INFOPLIST_FILE = YES;
				INFOPLIST_KEY_UIApplicationSceneManifest_Generation = YES;
				INFOPLIST_KEY_UIApplicationSupportsIndirectInputEvents = YES;
				INFOPLIST_KEY_UILaunchScreen_Generation = YES;
				INFOPLIST_KEY_UISupportedInterfaceOrientations_iPad = "UIInterfaceOrientationPortrait UIInterfaceOrientationPortraitUpsideDown UIInterfaceOrientationLandscapeLeft UIInterfaceOrientationLandscapeRight";
				INFOPLIST_KEY_UISupportedInterfaceOrientations_iPhone = "UIInterfaceOrientationPortrait UIInterfaceOrientationLandscapeLeft UIInterfaceOrientationLandscapeRight";
				LD_RUNPATH_SEARCH_PATHS = (
					"$(inherited)",
					"@executable_path/Frameworks",
				);
				MARKETING_VERSION = 1.0;
				PRODUCT_BUNDLE_IDENTIFIER = "kr.letusgo-hackathon-zeta";
				PRODUCT_NAME = "$(TARGET_NAME)";
				STRING_CATALOG_GENERATE_SYMBOLS = YES;
				SWIFT_APPROACHABLE_CONCURRENCY = YES;
				SWIFT_DEFAULT_ACTOR_ISOLATION = MainActor;
				SWIFT_EMIT_LOC_STRINGS = YES;
				SWIFT_UPCOMING_FEATURE_MEMBER_IMPORT_VISIBILITY = YES;
				SWIFT_VERSION = 5.0;
				TARGETED_DEVICE_FAMILY = "1,2";
			};
			name = Debug;
		};
		1AA7984D2E2B296F00637994 /* Release */ = {
			isa = XCBuildConfiguration;
			buildSettings = {
				ASSETCATALOG_COMPILER_APPICON_NAME = AppIcon;
				ASSETCATALOG_COMPILER_GLOBAL_ACCENT_COLOR_NAME = AccentColor;
				CODE_SIGN_STYLE = Automatic;
				CURRENT_PROJECT_VERSION = 1;
				ENABLE_PREVIEWS = YES;
				GENERATE_INFOPLIST_FILE = YES;
				INFOPLIST_KEY_UIApplicationSceneManifest_Generation = YES;
				INFOPLIST_KEY_UIApplicationSupportsIndirectInputEvents = YES;
				INFOPLIST_KEY_UILaunchScreen_Generation = YES;
				INFOPLIST_KEY_UISupportedInterfaceOrientations_iPad = "UIInterfaceOrientationPortrait UIInterfaceOrientationPortraitUpsideDown UIInterfaceOrientationLandscapeLeft UIInterfaceOrientationLandscapeRight";
				INFOPLIST_KEY_UISupportedInterfaceOrientations_iPhone = "UIInterfaceOrientationPortrait UIInterfaceOrientationLandscapeLeft UIInterfaceOrientationLandscapeRight";
				LD_RUNPATH_SEARCH_PATHS = (
					"$(inherited)",
					"@executable_path/Frameworks",
				);
				MARKETING_VERSION = 1.0;
				PRODUCT_BUNDLE_IDENTIFIER = "kr.letusgo-hackathon-zeta";
				PRODUCT_NAME = "$(TARGET_NAME)";
				STRING_CATALOG_GENERATE_SYMBOLS = YES;
				SWIFT_APPROACHABLE_CONCURRENCY = YES;
				SWIFT_DEFAULT_ACTOR_ISOLATION = MainActor;
				SWIFT_EMIT_LOC_STRINGS = YES;
				SWIFT_UPCOMING_FEATURE_MEMBER_IMPORT_VISIBILITY = YES;
				SWIFT_VERSION = 5.0;
				TARGETED_DEVICE_FAMILY = "1,2";
			};
			name = Release;
		};
		1AA7984F2E2B296F00637994 /* Debug */ = {
			isa = XCBuildConfiguration;
			buildSettings = {
				BUNDLE_LOADER = "$(TEST_HOST)";
				CODE_SIGN_STYLE = Automatic;
				CURRENT_PROJECT_VERSION = 1;
				GENERATE_INFOPLIST_FILE = YES;
				IPHONEOS_DEPLOYMENT_TARGET = 26.0;
				MARKETING_VERSION = 1.0;
				PRODUCT_BUNDLE_IDENTIFIER = "kr.letusgo-hackathon-zetaTests";
				PRODUCT_NAME = "$(TARGET_NAME)";
				STRING_CATALOG_GENERATE_SYMBOLS = NO;
				SWIFT_APPROACHABLE_CONCURRENCY = YES;
				SWIFT_EMIT_LOC_STRINGS = NO;
				SWIFT_UPCOMING_FEATURE_MEMBER_IMPORT_VISIBILITY = YES;
				SWIFT_VERSION = 5.0;
				TARGETED_DEVICE_FAMILY = "1,2";
				TEST_HOST = "$(BUILT_PRODUCTS_DIR)/letusgo-hackathon-zeta.app/$(BUNDLE_EXECUTABLE_FOLDER_PATH)/letusgo-hackathon-zeta";
			};
			name = Debug;
		};
		1AA798502E2B296F00637994 /* Release */ = {
			isa = XCBuildConfiguration;
			buildSettings = {
				BUNDLE_LOADER = "$(TEST_HOST)";
				CODE_SIGN_STYLE = Automatic;
				CURRENT_PROJECT_VERSION = 1;
				GENERATE_INFOPLIST_FILE = YES;
				IPHONEOS_DEPLOYMENT_TARGET = 26.0;
				MARKETING_VERSION = 1.0;
				PRODUCT_BUNDLE_IDENTIFIER = "kr.letusgo-hackathon-zetaTests";
				PRODUCT_NAME = "$(TARGET_NAME)";
				STRING_CATALOG_GENERATE_SYMBOLS = NO;
				SWIFT_APPROACHABLE_CONCURRENCY = YES;
				SWIFT_EMIT_LOC_STRINGS = NO;
				SWIFT_UPCOMING_FEATURE_MEMBER_IMPORT_VISIBILITY = YES;
				SWIFT_VERSION = 5.0;
				TARGETED_DEVICE_FAMILY = "1,2";
				TEST_HOST = "$(BUILT_PRODUCTS_DIR)/letusgo-hackathon-zeta.app/$(BUNDLE_EXECUTABLE_FOLDER_PATH)/letusgo-hackathon-zeta";
			};
			name = Release;
		};
		1AA798522E2B296F00637994 /* Debug */ = {
			isa = XCBuildConfiguration;
			buildSettings = {
				CODE_SIGN_STYLE = Automatic;
				CURRENT_PROJECT_VERSION = 1;
				GENERATE_INFOPLIST_FILE = YES;
				MARKETING_VERSION = 1.0;
				PRODUCT_BUNDLE_IDENTIFIER = "kr.letusgo-hackathon-zetaUITests";
				PRODUCT_NAME = "$(TARGET_NAME)";
				STRING_CATALOG_GENERATE_SYMBOLS = NO;
				SWIFT_APPROACHABLE_CONCURRENCY = YES;
				SWIFT_EMIT_LOC_STRINGS = NO;
				SWIFT_UPCOMING_FEATURE_MEMBER_IMPORT_VISIBILITY = YES;
				SWIFT_VERSION = 5.0;
				TARGETED_DEVICE_FAMILY = "1,2";
				TEST_TARGET_NAME = "letusgo-hackathon-zeta";
			};
			name = Debug;
		};
		1AA798532E2B296F00637994 /* Release */ = {
			isa = XCBuildConfiguration;
			buildSettings = {
				CODE_SIGN_STYLE = Automatic;
				CURRENT_PROJECT_VERSION = 1;
				GENERATE_INFOPLIST_FILE = YES;
				MARKETING_VERSION = 1.0;
				PRODUCT_BUNDLE_IDENTIFIER = "kr.letusgo-hackathon-zetaUITests";
				PRODUCT_NAME = "$(TARGET_NAME)";
				STRING_CATALOG_GENERATE_SYMBOLS = NO;
				SWIFT_APPROACHABLE_CONCURRENCY = YES;
				SWIFT_EMIT_LOC_STRINGS = NO;
				SWIFT_UPCOMING_FEATURE_MEMBER_IMPORT_VISIBILITY = YES;
				SWIFT_VERSION = 5.0;
				TARGETED_DEVICE_FAMILY = "1,2";
				TEST_TARGET_NAME = "letusgo-hackathon-zeta";
			};
			name = Release;
		};
/* End XCBuildConfiguration section */

/* Begin XCConfigurationList section */
		1AA798252E2B296D00637994 /* Build configuration list for PBXProject "letusgo-hackathon-zeta" */ = {
			isa = XCConfigurationList;
			buildConfigurations = (
				1AA798492E2B296F00637994 /* Debug */,
				1AA7984A2E2B296F00637994 /* Release */,
			);
			defaultConfigurationIsVisible = 0;
			defaultConfigurationName = Release;
		};
		1AA7984B2E2B296F00637994 /* Build configuration list for PBXNativeTarget "letusgo-hackathon-zeta" */ = {
			isa = XCConfigurationList;
			buildConfigurations = (
				1AA7984C2E2B296F00637994 /* Debug */,
				1AA7984D2E2B296F00637994 /* Release */,
			);
			defaultConfigurationIsVisible = 0;
			defaultConfigurationName = Release;
		};
		1AA7984E2E2B296F00637994 /* Build configuration list for PBXNativeTarget "letusgo-hackathon-zetaTests" */ = {
			isa = XCConfigurationList;
			buildConfigurations = (
				1AA7984F2E2B296F00637994 /* Debug */,
				1AA798502E2B296F00637994 /* Release */,
			);
			defaultConfigurationIsVisible = 0;
			defaultConfigurationName = Release;
		};
		1AA798512E2B296F00637994 /* Build configuration list for PBXNativeTarget "letusgo-hackathon-zetaUITests" */ = {
			isa = XCConfigurationList;
			buildConfigurations = (
				1AA798522E2B296F00637994 /* Debug */,
				1AA798532E2B296F00637994 /* Release */,
			);
			defaultConfigurationIsVisible = 0;
			defaultConfigurationName = Release;
		};
/* End XCConfigurationList section */

/* Begin XCRemoteSwiftPackageReference section */
		1AA7986D2E2B2B6C00637994 /* XCRemoteSwiftPackageReference "purchases-ios" */ = {
			isa = XCRemoteSwiftPackageReference;
			repositoryURL = "https://github.com/RevenueCat/purchases-ios";
			requirement = {
				kind = upToNextMajorVersion;
				minimumVersion = 5.33.0;
			};
		};
/* End XCRemoteSwiftPackageReference section */

/* Begin XCSwiftPackageProductDependency section */
		1AA7986E2E2B2B6C00637994 /* ReceiptParser */ = {
			isa = XCSwiftPackageProductDependency;
			package = 1AA7986D2E2B2B6C00637994 /* XCRemoteSwiftPackageReference "purchases-ios" */;
			productName = ReceiptParser;
		};
		1AA798702E2B2B6C00637994 /* RevenueCat */ = {
			isa = XCSwiftPackageProductDependency;
			package = 1AA7986D2E2B2B6C00637994 /* XCRemoteSwiftPackageReference "purchases-ios" */;
			productName = RevenueCat;
		};
		1AA798722E2B2B6C00637994 /* RevenueCatUI */ = {
			isa = XCSwiftPackageProductDependency;
			package = 1AA7986D2E2B2B6C00637994 /* XCRemoteSwiftPackageReference "purchases-ios" */;
			productName = RevenueCatUI;
		};
		1AA798742E2B2B6C00637994 /* RevenueCat_CustomEntitlementComputation */ = {
			isa = XCSwiftPackageProductDependency;
			package = 1AA7986D2E2B2B6C00637994 /* XCRemoteSwiftPackageReference "purchases-ios" */;
			productName = RevenueCat_CustomEntitlementComputation;
		};
/* End XCSwiftPackageProductDependency section */
	};
	rootObject = 1AA798222E2B296D00637994 /* Project object */;
}
